<?xml version="1.0" encoding="utf-8"?>
<Project ToolsVersion="4.0" xmlns="http://schemas.microsoft.com/developer/msbuild/2003">
  <ItemGroup>
    <ClInclude Include="..\..\SdkSrc\asio_timer.h">
      <Filter>SdkSrc</Filter>
    </ClInclude>
    <ClInclude Include="..\..\SdkSrc\utils.h">
      <Filter>SdkSrc</Filter>
    </ClInclude>
    <ClInclude Include="..\..\SdkSrc\defines.h">
      <Filter>SdkSrc</Filter>
    </ClInclude>
    <ClInclude Include="..\..\SdkSrc\message.h">
      <Filter>SdkSrc</Filter>
    </ClInclude>
    <ClInclude Include="..\..\SdkSrc\net_core_layer.h">
      <Filter>SdkSrc</Filter>
    </ClInclude>
    <ClInclude Include="..\..\SdkSrc\net_data_layer.h">
      <Filter>SdkSrc</Filter>
    </ClInclude>
    <ClInclude Include="..\..\SdkSrc\net_inter_layer.h">
      <Filter>SdkSrc</Filter>
    </ClInclude>
    <ClInclude Include="..\..\SdkSrc\net_interface.h">
      <Filter>SdkSrc</Filter>
    </ClInclude>
    <ClInclude Include="..\..\SdkSrc\net_interface_defines.h">
      <Filter>SdkSrc</Filter>
    </ClInclude>
    <ClInclude Include="..\..\SdkSrc\net_interface_impl.h">
      <Filter>SdkSrc</Filter>
    </ClInclude>
    <ClInclude Include="..\..\SdkSrc\threadSafe_list.h">
      <Filter>SdkSrc</Filter>
    </ClInclude>
  </ItemGroup>
  <ItemGroup>
    <ClCompile Include="..\..\SdkSrc\net_core_layer.cc">
      <Filter>SdkSrc</Filter>
    </ClCompile>
    <ClCompile Include="..\..\SdkSrc\net_data_layer.cc">
      <Filter>SdkSrc</Filter>
    </ClCompile>
    <ClCompile Include="..\..\SdkSrc\net_inter_layer.cc">
      <Filter>SdkSrc</Filter>
    </ClCompile>
    <ClCompile Include="..\..\SdkSrc\net_interface.cc">
      <Filter>SdkSrc</Filter>
    </ClCompile>
    <ClCompile Include="..\..\SdkSrc\net_interface_impl.cc">
      <Filter>SdkSrc</Filter>
    </ClCompile>
    <ClCompile Include="..\..\UnitTest\ClientServerInterface.cpp">
      <Filter>UnitTest</Filter>
    </ClCompile>
    <ClCompile Include="..\..\UnitTest\interface_test.cc">
      <Filter>UnitTest</Filter>
    </ClCompile>
  </ItemGroup>
  <ItemGroup>
    <Filter Include="SdkSrc">
      <UniqueIdentifier>{3edcf3aa-68e3-45cd-8271-6693f28d538e}</UniqueIdentifier>
    </Filter>
    <Filter Include="conf">
      <UniqueIdentifier>{f51bb386-c3dc-487b-b43d-a3683f72abae}</UniqueIdentifier>
    </Filter>
    <Filter Include="UnitTest">
      <UniqueIdentifier>{df23ae2f-01dd-4874-b3bb-36244f50dee9}</UniqueIdentifier>
    </Filter>
  </ItemGroup>
  <ItemGroup>
    <None Include="..\..\conf\log.conf">
      <Filter>conf</Filter>
    </None>
    <None Include="..\..\Makefile" />
    <None Include="..\..\Makefile_a" />
    <None Include="..\..\Makefile_so" />
  </ItemGroup>
</Project>